
Microsoft Visual Studio Solution File, Format Version 12.00
Project("{FAE04EC0-301F-11D3-BF4B-00C04F79EFBC}") = "Maui.eCommerce", "Maui.eCommerce\Maui.eCommerce.csproj", "{63B52E68-1FA3-41C4-8D70-B3A324431BBC}"
EndProject
Project("{FAE04EC0-301F-11D3-BF4B-00C04F79EFBC}") = "Library.eCommerce", "Library.eCommerce\Library.eCommerce.csproj", "{344666DE-FC8A-4FA7-BB06-553312AEDDD8}"
EndProject
Global
	GlobalSection(SolutionConfigurationPlatforms) = preSolution
		Debug|Any CPU = Debug|Any CPU
		Release|Any CPU = Release|Any CPU
	EndGlobalSection
	GlobalSection(ProjectConfigurationPlatforms) = postSolution
		{63B52E68-1FA3-41C4-8D70-B3A324431BBC}.Debug|Any CPU.ActiveCfg = Debug|Any CPU
		{63B52E68-1FA3-41C4-8D70-B3A324431BBC}.Debug|Any CPU.Build.0 = Debug|Any CPU
		{63B52E68-1FA3-41C4-8D70-B3A324431BBC}.Release|Any CPU.ActiveCfg = Release|Any CPU
		{63B52E68-1FA3-41C4-8D70-B3A324431BBC}.Release|Any CPU.Build.0 = Release|Any CPU
		{344666DE-FC8A-4FA7-BB06-553312AEDDD8}.Debug|Any CPU.ActiveCfg = Debug|Any CPU
		{344666DE-FC8A-4FA7-BB06-553312AEDDD8}.Debug|Any CPU.Build.0 = Debug|Any CPU
		{344666DE-FC8A-4FA7-BB06-553312AEDDD8}.Release|Any CPU.ActiveCfg = Release|Any CPU
		{344666DE-FC8A-4FA7-BB06-553312AEDDD8}.Release|Any CPU.Build.0 = Release|Any CPU
	EndGlobalSection
EndGlobal
